Microsoft Visual Studio Solution File, Format Version 11.00
# Visual Studio 2008

Project("{08940753-8210-7694-8D2E-B24CFB9A9E05}") = "IAPDemo", "Assembly-CSharp-firstpass.csproj", "{F8F3C39B-16E5-F75A-63AE-8317E1A03C86}"
EndProject
Project("{08940753-8210-7694-8D2E-B24CFB9A9E05}") = "IAPDemo", "Assembly-CSharp-Editor-firstpass.csproj", "{BD4EE140-CC17-D447-C5EC-989626543DDC}"
EndProject
Global
	GlobalSection(SolutionConfigurationPlatforms) = preSolution
		Debug|Any CPU = Debug|Any CPU
		Release|Any CPU = Release|Any CPU
	EndGlobalSection
	GlobalSection(ProjectConfigurationPlatforms) = postSolution
		{F8F3C39B-16E5-F75A-63AE-8317E1A03C86}.Debug|Any CPU.ActiveCfg = Debug|Any CPU
		{F8F3C39B-16E5-F75A-63AE-8317E1A03C86}.Debug|Any CPU.Build.0 = Debug|Any CPU
		{F8F3C39B-16E5-F75A-63AE-8317E1A03C86}.Release|Any CPU.ActiveCfg = Release|Any CPU
		{F8F3C39B-16E5-F75A-63AE-8317E1A03C86}.Release|Any CPU.Build.0 = Release|Any CPU
		{BD4EE140-CC17-D447-C5EC-989626543DDC}.Debug|Any CPU.ActiveCfg = Debug|Any CPU
		{BD4EE140-CC17-D447-C5EC-989626543DDC}.Debug|Any CPU.Build.0 = Debug|Any CPU
		{BD4EE140-CC17-D447-C5EC-989626543DDC}.Release|Any CPU.ActiveCfg = Release|Any CPU
		{BD4EE140-CC17-D447-C5EC-989626543DDC}.Release|Any CPU.Build.0 = Release|Any CPU
	EndGlobalSection
	GlobalSection(SolutionProperties) = preSolution
		HideSolutionNode = FALSE
	EndGlobalSection
	GlobalSection(MonoDevelopProperties) = preSolution
		StartupItem = Assembly-CSharp.csproj
	EndGlobalSection
EndGlobal
