
Microsoft Visual Studio Solution File, Format Version 12.00
# Visual Studio 2015
Project("{FAE04EC0-301F-11D3-BF4B-00C04F79EFBC}") = "IAPDemo.Plugins", "IAPDemo.Plugins.csproj", "{F59953D6-A38F-BDD5-2E93-6E31B1E6D75E}"
EndProject
Project("{FAE04EC0-301F-11D3-BF4B-00C04F79EFBC}") = "IAPDemo.Editor.Plugins", "IAPDemo.Editor.Plugins.csproj", "{4725B905-CB9C-19AB-655E-C293E14E8529}"
EndProject
Global
	GlobalSection(SolutionConfigurationPlatforms) = preSolution
		Debug|Any CPU = Debug|Any CPU
		Release|Any CPU = Release|Any CPU
	EndGlobalSection
	GlobalSection(ProjectConfigurationPlatforms) = postSolution
		{F59953D6-A38F-BDD5-2E93-6E31B1E6D75E}.Debug|Any CPU.ActiveCfg = Debug|Any CPU
		{F59953D6-A38F-BDD5-2E93-6E31B1E6D75E}.Debug|Any CPU.Build.0 = Debug|Any CPU
		{F59953D6-A38F-BDD5-2E93-6E31B1E6D75E}.Release|Any CPU.ActiveCfg = Release|Any CPU
		{F59953D6-A38F-BDD5-2E93-6E31B1E6D75E}.Release|Any CPU.Build.0 = Release|Any CPU
		{4725B905-CB9C-19AB-655E-C293E14E8529}.Debug|Any CPU.ActiveCfg = Debug|Any CPU
		{4725B905-CB9C-19AB-655E-C293E14E8529}.Debug|Any CPU.Build.0 = Debug|Any CPU
		{4725B905-CB9C-19AB-655E-C293E14E8529}.Release|Any CPU.ActiveCfg = Release|Any CPU
		{4725B905-CB9C-19AB-655E-C293E14E8529}.Release|Any CPU.Build.0 = Release|Any CPU
	EndGlobalSection
	GlobalSection(SolutionProperties) = preSolution
		HideSolutionNode = FALSE
	EndGlobalSection
EndGlobal
