
Microsoft Visual Studio Solution File, Format Version 12.00
# Visual Studio 2015
Project("{FAE04EC0-301F-11D3-BF4B-00C04F79EFBC}") = "IAPDemo.CSharp.Plugins", "IAPDemo.CSharp.Plugins.csproj", "{66BB90D3-6534-7843-4A08-84F7C1277D20}"
EndProject
Project("{FAE04EC0-301F-11D3-BF4B-00C04F79EFBC}") = "IAPDemo.CSharp.Editor.Plugins", "IAPDemo.CSharp.Editor.Plugins.csproj", "{18813163-E631-7CA6-A526-12DC98DAE00C}"
EndProject
Global
	GlobalSection(SolutionConfigurationPlatforms) = preSolution
		Debug|Any CPU = Debug|Any CPU
		Release|Any CPU = Release|Any CPU
	EndGlobalSection
	GlobalSection(ProjectConfigurationPlatforms) = postSolution
		{66BB90D3-6534-7843-4A08-84F7C1277D20}.Debug|Any CPU.ActiveCfg = Debug|Any CPU
		{66BB90D3-6534-7843-4A08-84F7C1277D20}.Debug|Any CPU.Build.0 = Debug|Any CPU
		{66BB90D3-6534-7843-4A08-84F7C1277D20}.Release|Any CPU.ActiveCfg = Release|Any CPU
		{66BB90D3-6534-7843-4A08-84F7C1277D20}.Release|Any CPU.Build.0 = Release|Any CPU
		{18813163-E631-7CA6-A526-12DC98DAE00C}.Debug|Any CPU.ActiveCfg = Debug|Any CPU
		{18813163-E631-7CA6-A526-12DC98DAE00C}.Debug|Any CPU.Build.0 = Debug|Any CPU
		{18813163-E631-7CA6-A526-12DC98DAE00C}.Release|Any CPU.ActiveCfg = Release|Any CPU
		{18813163-E631-7CA6-A526-12DC98DAE00C}.Release|Any CPU.Build.0 = Release|Any CPU
	EndGlobalSection
	GlobalSection(SolutionProperties) = preSolution
		HideSolutionNode = FALSE
	EndGlobalSection
EndGlobal
